
Microsoft Visual Studio Solution File, Format Version 12.00
# Visual Studio Version 17
VisualStudioVersion = 17.3.32519.111
MinimumVisualStudioVersion = 10.0.40219.1
Project("{FAE04EC0-301F-11D3-BF4B-00C04F79EFBC}") = "ReadMe.NET.Domain", "ReadMe.NET.Domain\ReadMe.NET.Domain.csproj", "{FDBEB1F9-5743-44C7-8BDF-E9D600EB5B90}"
EndProject
Project("{FAE04EC0-301F-11D3-BF4B-00C04F79EFBC}") = "ReadMe.NET.Application", "ReadMe.NET.Application\ReadMe.NET.Application.csproj", "{7BACB635-27C2-43E3-81B4-6DF97C316346}"
EndProject
Project("{FAE04EC0-301F-11D3-BF4B-00C04F79EFBC}") = "ReadMe.NET.Persistence", "ReadMe.NET.Persistance\ReadMe.NET.Persistence.csproj", "{C556BACC-51B7-486D-BD4B-27C05C720C4F}"
EndProject
Global
	GlobalSection(SolutionConfigurationPlatforms) = preSolution
		Debug|Any CPU = Debug|Any CPU
		Release|Any CPU = Release|Any CPU
	EndGlobalSection
	GlobalSection(ProjectConfigurationPlatforms) = postSolution
		{FDBEB1F9-5743-44C7-8BDF-E9D600EB5B90}.Debug|Any CPU.ActiveCfg = Debug|Any CPU
		{FDBEB1F9-5743-44C7-8BDF-E9D600EB5B90}.Debug|Any CPU.Build.0 = Debug|Any CPU
		{FDBEB1F9-5743-44C7-8BDF-E9D600EB5B90}.Release|Any CPU.ActiveCfg = Release|Any CPU
		{FDBEB1F9-5743-44C7-8BDF-E9D600EB5B90}.Release|Any CPU.Build.0 = Release|Any CPU
		{7BACB635-27C2-43E3-81B4-6DF97C316346}.Debug|Any CPU.ActiveCfg = Debug|Any CPU
		{7BACB635-27C2-43E3-81B4-6DF97C316346}.Debug|Any CPU.Build.0 = Debug|Any CPU
		{7BACB635-27C2-43E3-81B4-6DF97C316346}.Release|Any CPU.ActiveCfg = Release|Any CPU
		{7BACB635-27C2-43E3-81B4-6DF97C316346}.Release|Any CPU.Build.0 = Release|Any CPU
		{C556BACC-51B7-486D-BD4B-27C05C720C4F}.Debug|Any CPU.ActiveCfg = Debug|Any CPU
		{C556BACC-51B7-486D-BD4B-27C05C720C4F}.Debug|Any CPU.Build.0 = Debug|Any CPU
		{C556BACC-51B7-486D-BD4B-27C05C720C4F}.Release|Any CPU.ActiveCfg = Release|Any CPU
		{C556BACC-51B7-486D-BD4B-27C05C720C4F}.Release|Any CPU.Build.0 = Release|Any CPU
	EndGlobalSection
	GlobalSection(SolutionProperties) = preSolution
		HideSolutionNode = FALSE
	EndGlobalSection
	GlobalSection(ExtensibilityGlobals) = postSolution
		SolutionGuid = {EBCA3400-364C-4EBE-9712-920153E404D4}
	EndGlobalSection
EndGlobal
